
Microsoft Visual Studio Solution File, Format Version 12.00
# Visual Studio Version 17
VisualStudioVersion = 17.5.33516.290
MinimumVisualStudioVersion = 10.0.40219.1
Project("{FAE04EC0-301F-11D3-BF4B-00C04F79EFBC}") = "Lamba_2", "Lamba_2.csproj", "{2C525B95-8502-45AE-B8A0-B5ACE1F41E20}"
EndProject
Global
	GlobalSection(SolutionConfigurationPlatforms) = preSolution
		Debug|Any CPU = Debug|Any CPU
		Release|Any CPU = Release|Any CPU
	EndGlobalSection
	GlobalSection(ProjectConfigurationPlatforms) = postSolution
		{2C525B95-8502-45AE-B8A0-B5ACE1F41E20}.Debug|Any CPU.ActiveCfg = Debug|Any CPU
		{2C525B95-8502-45AE-B8A0-B5ACE1F41E20}.Debug|Any CPU.Build.0 = Debug|Any CPU
		{2C525B95-8502-45AE-B8A0-B5ACE1F41E20}.Release|Any CPU.ActiveCfg = Release|Any CPU
		{2C525B95-8502-45AE-B8A0-B5ACE1F41E20}.Release|Any CPU.Build.0 = Release|Any CPU
	EndGlobalSection
	GlobalSection(SolutionProperties) = preSolution
		HideSolutionNode = FALSE
	EndGlobalSection
	GlobalSection(ExtensibilityGlobals) = postSolution
		SolutionGuid = {5EB05BAF-4F31-4846-9503-8C4AA21B70A7}
	EndGlobalSection
EndGlobal
